
Microsoft Visual Studio Solution File, Format Version 12.00
# Visual Studio Version 17
VisualStudioVersion = 17.5.33627.172
MinimumVisualStudioVersion = 10.0.40219.1
Project("{FAE04EC0-301F-11D3-BF4B-00C04F79EFBC}") = "HW4", "HW4\HW4.csproj", "{4174BAF7-FD67-4495-B6F4-53CCF90FB6DB}"
EndProject
Global
	GlobalSection(SolutionConfigurationPlatforms) = preSolution
		Debug|Any CPU = Debug|Any CPU
		Release|Any CPU = Release|Any CPU
	EndGlobalSection
	GlobalSection(ProjectConfigurationPlatforms) = postSolution
		{4174BAF7-FD67-4495-B6F4-53CCF90FB6DB}.Debug|Any CPU.ActiveCfg = Debug|Any CPU
		{4174BAF7-FD67-4495-B6F4-53CCF90FB6DB}.Debug|Any CPU.Build.0 = Debug|Any CPU
		{4174BAF7-FD67-4495-B6F4-53CCF90FB6DB}.Release|Any CPU.ActiveCfg = Release|Any CPU
		{4174BAF7-FD67-4495-B6F4-53CCF90FB6DB}.Release|Any CPU.Build.0 = Release|Any CPU
	EndGlobalSection
	GlobalSection(SolutionProperties) = preSolution
		HideSolutionNode = FALSE
	EndGlobalSection
	GlobalSection(ExtensibilityGlobals) = postSolution
		SolutionGuid = {522E84CC-B124-42B6-A341-6DBDE308BDB5}
	EndGlobalSection
EndGlobal
